
Microsoft Visual Studio Solution File, Format Version 12.00
# Visual Studio 15
VisualStudioVersion = 15.0.28010.2003
MinimumVisualStudioVersion = 10.0.40219.1
Project("{8BC9CEB8-8B4A-11D0-8D11-00A0C91BC942}") = "my_computer_test_sdl", "my_computer_test_sdl.vcxproj", "{3999860A-A8BA-4587-96D4-B48E51778EDA}"
EndProject
Global
	GlobalSection(SolutionConfigurationPlatforms) = preSolution
		Debug|x64 = Debug|x64
		Debug|x86 = Debug|x86
		Release|x64 = Release|x64
		Release|x86 = Release|x86
	EndGlobalSection
	GlobalSection(ProjectConfigurationPlatforms) = postSolution
		{3999860A-A8BA-4587-96D4-B48E51778EDA}.Debug|x64.ActiveCfg = Debug|x64
		{3999860A-A8BA-4587-96D4-B48E51778EDA}.Debug|x64.Build.0 = Debug|x64
		{3999860A-A8BA-4587-96D4-B48E51778EDA}.Debug|x86.ActiveCfg = Debug|Win32
		{3999860A-A8BA-4587-96D4-B48E51778EDA}.Debug|x86.Build.0 = Debug|Win32
		{3999860A-A8BA-4587-96D4-B48E51778EDA}.Release|x64.ActiveCfg = Release|x64
		{3999860A-A8BA-4587-96D4-B48E51778EDA}.Release|x64.Build.0 = Release|x64
		{3999860A-A8BA-4587-96D4-B48E51778EDA}.Release|x86.ActiveCfg = Release|Win32
		{3999860A-A8BA-4587-96D4-B48E51778EDA}.Release|x86.Build.0 = Release|Win32
	EndGlobalSection
	GlobalSection(SolutionProperties) = preSolution
		HideSolutionNode = FALSE
	EndGlobalSection
	GlobalSection(ExtensibilityGlobals) = postSolution
		SolutionGuid = {DED867D4-B12E-4616-8784-09EC3DD5D032}
	EndGlobalSection
EndGlobal
